
Microsoft Visual Studio Solution File, Format Version 11.00
# Visual Studio 2010
Project("{E24C65DC-7377-472B-9ABA-BC803B73C61A}") = "Restaurant", "http://localhost:82/Restaurant", "{B40D3B36-28B3-40CF-BB49-D30663C50C7B}"
	ProjectSection(WebsiteProperties) = preProject
		TargetFrameworkMoniker = ".NETFramework,Version%3Dv4.0"
		Debug.AspNetCompiler.VirtualPath = "/Restaurant"
		Debug.AspNetCompiler.PhysicalPath = "..\Restaurant\"
		Debug.AspNetCompiler.TargetPath = "PrecompiledWeb\Restaurant\"
		Debug.AspNetCompiler.Updateable = "true"
		Debug.AspNetCompiler.ForceOverwrite = "true"
		Debug.AspNetCompiler.FixedNames = "false"
		Debug.AspNetCompiler.Debug = "True"
		Release.AspNetCompiler.VirtualPath = "/Restaurant"
		Release.AspNetCompiler.PhysicalPath = "..\Restaurant\"
		Release.AspNetCompiler.TargetPath = "PrecompiledWeb\Restaurant\"
		Release.AspNetCompiler.Updateable = "true"
		Release.AspNetCompiler.ForceOverwrite = "true"
		Release.AspNetCompiler.FixedNames = "false"
		Release.AspNetCompiler.Debug = "False"
		SlnRelativePath = "..\..\..\..\..\..\inetpub\wwwroot\Restaurant\"
	EndProjectSection
EndProject
Global
	GlobalSection(SolutionConfigurationPlatforms) = preSolution
		Debug|Any CPU = Debug|Any CPU
	EndGlobalSection
	GlobalSection(ProjectConfigurationPlatforms) = postSolution
		{B40D3B36-28B3-40CF-BB49-D30663C50C7B}.Debug|Any CPU.ActiveCfg = Debug|Any CPU
		{B40D3B36-28B3-40CF-BB49-D30663C50C7B}.Debug|Any CPU.Build.0 = Debug|Any CPU
	EndGlobalSection
	GlobalSection(SolutionProperties) = preSolution
		HideSolutionNode = FALSE
	EndGlobalSection
EndGlobal
